
Microsoft Visual Studio Solution File, Format Version 12.00
# Visual Studio Version 16
VisualStudioVersion = 16.0.30907.101
MinimumVisualStudioVersion = 10.0.40219.1
Project("{FAE04EC0-301F-11D3-BF4B-00C04F79EFBC}") = "DomainLayer", "DomainLayer\DomainLayer.csproj", "{BF497113-033F-4E0D-9667-D482C3A43C19}"
EndProject
Global
	GlobalSection(SolutionConfigurationPlatforms) = preSolution
		Debug|Any CPU = Debug|Any CPU
		Release|Any CPU = Release|Any CPU
	EndGlobalSection
	GlobalSection(ProjectConfigurationPlatforms) = postSolution
		{BF497113-033F-4E0D-9667-D482C3A43C19}.Debug|Any CPU.ActiveCfg = Debug|Any CPU
		{BF497113-033F-4E0D-9667-D482C3A43C19}.Debug|Any CPU.Build.0 = Debug|Any CPU
		{BF497113-033F-4E0D-9667-D482C3A43C19}.Release|Any CPU.ActiveCfg = Release|Any CPU
		{BF497113-033F-4E0D-9667-D482C3A43C19}.Release|Any CPU.Build.0 = Release|Any CPU
	EndGlobalSection
	GlobalSection(SolutionProperties) = preSolution
		HideSolutionNode = FALSE
	EndGlobalSection
	GlobalSection(ExtensibilityGlobals) = postSolution
		SolutionGuid = {ABAC6344-D362-4A82-A09D-2353FFDE66E6}
	EndGlobalSection
EndGlobal
